
Microsoft Visual Studio Solution File, Format Version 12.00
# Visual Studio Version 16
VisualStudioVersion = 16.0.30907.101
MinimumVisualStudioVersion = 10.0.40219.1
Project("{FAE04EC0-301F-11D3-BF4B-00C04F79EFBC}") = "Istihdam", "Istihdam.csproj", "{09658760-F713-43E8-A342-9739919C4BFF}"
EndProject
Global
	GlobalSection(SolutionConfigurationPlatforms) = preSolution
		Debug|Any CPU = Debug|Any CPU
		Release|Any CPU = Release|Any CPU
	EndGlobalSection
	GlobalSection(ProjectConfigurationPlatforms) = postSolution
		{09658760-F713-43E8-A342-9739919C4BFF}.Debug|Any CPU.ActiveCfg = Debug|Any CPU
		{09658760-F713-43E8-A342-9739919C4BFF}.Debug|Any CPU.Build.0 = Debug|Any CPU
		{09658760-F713-43E8-A342-9739919C4BFF}.Release|Any CPU.ActiveCfg = Release|Any CPU
		{09658760-F713-43E8-A342-9739919C4BFF}.Release|Any CPU.Build.0 = Release|Any CPU
	EndGlobalSection
	GlobalSection(SolutionProperties) = preSolution
		HideSolutionNode = FALSE
	EndGlobalSection
	GlobalSection(ExtensibilityGlobals) = postSolution
		SolutionGuid = {D5C1913F-AD24-439E-A05A-AA758EFBE67E}
	EndGlobalSection
EndGlobal
